
Microsoft Visual Studio Solution File, Format Version 12.00
# Visual Studio Version 17
VisualStudioVersion = 17.9.34714.143
MinimumVisualStudioVersion = 10.0.40219.1
Project("{FAE04EC0-301F-11D3-BF4B-00C04F79EFBC}") = "TPFinalNivel3PensieroSebastian", "TPFinalNivel3PensieroSebastian\TPFinalNivel3PensieroSebastian.csproj", "{CDF8A492-33E8-4EB0-8398-CE1CD170DC3D}"
EndProject
Project("{FAE04EC0-301F-11D3-BF4B-00C04F79EFBC}") = "dominio", "dominio\dominio.csproj", "{5149629B-77C4-4D29-AF60-D2D51F351A5B}"
EndProject
Project("{FAE04EC0-301F-11D3-BF4B-00C04F79EFBC}") = "negocio", "negocio\negocio.csproj", "{D3C2BD60-5FC2-4063-9FC9-572A34D3DB32}"
EndProject
Global
	GlobalSection(SolutionConfigurationPlatforms) = preSolution
		Debug|Any CPU = Debug|Any CPU
		Release|Any CPU = Release|Any CPU
	EndGlobalSection
	GlobalSection(ProjectConfigurationPlatforms) = postSolution
		{CDF8A492-33E8-4EB0-8398-CE1CD170DC3D}.Debug|Any CPU.ActiveCfg = Debug|Any CPU
		{CDF8A492-33E8-4EB0-8398-CE1CD170DC3D}.Debug|Any CPU.Build.0 = Debug|Any CPU
		{CDF8A492-33E8-4EB0-8398-CE1CD170DC3D}.Release|Any CPU.ActiveCfg = Release|Any CPU
		{CDF8A492-33E8-4EB0-8398-CE1CD170DC3D}.Release|Any CPU.Build.0 = Release|Any CPU
		{5149629B-77C4-4D29-AF60-D2D51F351A5B}.Debug|Any CPU.ActiveCfg = Debug|Any CPU
		{5149629B-77C4-4D29-AF60-D2D51F351A5B}.Debug|Any CPU.Build.0 = Debug|Any CPU
		{5149629B-77C4-4D29-AF60-D2D51F351A5B}.Release|Any CPU.ActiveCfg = Release|Any CPU
		{5149629B-77C4-4D29-AF60-D2D51F351A5B}.Release|Any CPU.Build.0 = Release|Any CPU
		{D3C2BD60-5FC2-4063-9FC9-572A34D3DB32}.Debug|Any CPU.ActiveCfg = Debug|Any CPU
		{D3C2BD60-5FC2-4063-9FC9-572A34D3DB32}.Debug|Any CPU.Build.0 = Debug|Any CPU
		{D3C2BD60-5FC2-4063-9FC9-572A34D3DB32}.Release|Any CPU.ActiveCfg = Release|Any CPU
		{D3C2BD60-5FC2-4063-9FC9-572A34D3DB32}.Release|Any CPU.Build.0 = Release|Any CPU
	EndGlobalSection
	GlobalSection(SolutionProperties) = preSolution
		HideSolutionNode = FALSE
	EndGlobalSection
	GlobalSection(ExtensibilityGlobals) = postSolution
		SolutionGuid = {429F550F-C36E-486E-B389-2CE09A9D873F}
	EndGlobalSection
EndGlobal
